
Microsoft Visual Studio Solution File, Format Version 12.00
# Visual Studio Version 16
VisualStudioVersion = 16.0.31702.278
MinimumVisualStudioVersion = 10.0.40219.1
Project("{FAE04EC0-301F-11D3-BF4B-00C04F79EFBC}") = "CuratorHelper", "CuratorHelper.csproj", "{62EA570A-9FB3-44A9-A337-4AF1B35C8765}"
EndProject
Global
	GlobalSection(SolutionConfigurationPlatforms) = preSolution
		Debug|Any CPU = Debug|Any CPU
		Release|Any CPU = Release|Any CPU
	EndGlobalSection
	GlobalSection(ProjectConfigurationPlatforms) = postSolution
		{62EA570A-9FB3-44A9-A337-4AF1B35C8765}.Debug|Any CPU.ActiveCfg = Debug|Any CPU
		{62EA570A-9FB3-44A9-A337-4AF1B35C8765}.Debug|Any CPU.Build.0 = Debug|Any CPU
		{62EA570A-9FB3-44A9-A337-4AF1B35C8765}.Release|Any CPU.ActiveCfg = Release|Any CPU
		{62EA570A-9FB3-44A9-A337-4AF1B35C8765}.Release|Any CPU.Build.0 = Release|Any CPU
	EndGlobalSection
	GlobalSection(SolutionProperties) = preSolution
		HideSolutionNode = FALSE
	EndGlobalSection
	GlobalSection(ExtensibilityGlobals) = postSolution
		SolutionGuid = {45031263-C198-42A8-B08E-426707ECFD50}
	EndGlobalSection
EndGlobal
